
Microsoft Visual Studio Solution File, Format Version 12.00
# Visual Studio Version 17
VisualStudioVersion = 17.11.35312.102
MinimumVisualStudioVersion = 10.0.40219.1
Project("{FAE04EC0-301F-11D3-BF4B-00C04F79EFBC}") = "FileDownloaderApi", "FileDownloaderApi\FileDownloaderApi.csproj", "{331F025D-C97B-4347-AD58-8E314ED56F81}"
EndProject
Project("{FAE04EC0-301F-11D3-BF4B-00C04F79EFBC}") = "FileDownloaderApi.Tests", "FileDownloaderApi.Tests\FileDownloaderApi.Tests.csproj", "{DE2D4586-B99E-40D2-9CE0-8B119DAA1BBE}"
EndProject
Global
	GlobalSection(SolutionConfigurationPlatforms) = preSolution
		Debug|Any CPU = Debug|Any CPU
		Release|Any CPU = Release|Any CPU
	EndGlobalSection
	GlobalSection(ProjectConfigurationPlatforms) = postSolution
		{331F025D-C97B-4347-AD58-8E314ED56F81}.Debug|Any CPU.ActiveCfg = Debug|Any CPU
		{331F025D-C97B-4347-AD58-8E314ED56F81}.Debug|Any CPU.Build.0 = Debug|Any CPU
		{331F025D-C97B-4347-AD58-8E314ED56F81}.Release|Any CPU.ActiveCfg = Release|Any CPU
		{331F025D-C97B-4347-AD58-8E314ED56F81}.Release|Any CPU.Build.0 = Release|Any CPU
		{DE2D4586-B99E-40D2-9CE0-8B119DAA1BBE}.Debug|Any CPU.ActiveCfg = Debug|Any CPU
		{DE2D4586-B99E-40D2-9CE0-8B119DAA1BBE}.Debug|Any CPU.Build.0 = Debug|Any CPU
		{DE2D4586-B99E-40D2-9CE0-8B119DAA1BBE}.Release|Any CPU.ActiveCfg = Release|Any CPU
		{DE2D4586-B99E-40D2-9CE0-8B119DAA1BBE}.Release|Any CPU.Build.0 = Release|Any CPU
	EndGlobalSection
	GlobalSection(SolutionProperties) = preSolution
		HideSolutionNode = FALSE
	EndGlobalSection
	GlobalSection(ExtensibilityGlobals) = postSolution
		SolutionGuid = {D3F0DCF6-4074-4D93-939A-4A47626C3895}
	EndGlobalSection
EndGlobal
